
Microsoft Visual Studio Solution File, Format Version 12.00
# Visual Studio Version 17
VisualStudioVersion = 17.4.33213.308
MinimumVisualStudioVersion = 10.0.40219.1
Project("{2150E333-8FDC-42A3-9474-1A3956D46DE8}") = "src", "src", "{1E206F17-31C6-4F2C-9FE3-D174688D2A83}"
EndProject
Project("{2150E333-8FDC-42A3-9474-1A3956D46DE8}") = "tests", "tests", "{7EEF0CE1-FC9A-42B6-8411-E3788E0BED17}"
EndProject
Project("{9A19103F-16F7-4668-BE54-9A1E7A4F7556}") = "API", "src\API\API.csproj", "{2F98A907-1391-4F15-A02F-A930C3B067B6}"
EndProject
Project("{9A19103F-16F7-4668-BE54-9A1E7A4F7556}") = "Application", "src\Application\Application.csproj", "{D08BBF41-EF3F-41B4-8CA4-3E352A97792B}"
EndProject
Project("{9A19103F-16F7-4668-BE54-9A1E7A4F7556}") = "Domain", "src\Domain\Domain.csproj", "{02A49368-3E9F-4C13-9AE5-9F11ACD3A1CD}"
EndProject
Project("{9A19103F-16F7-4668-BE54-9A1E7A4F7556}") = "Infrastructure", "src\Infrastructure\Infrastructure.csproj", "{0B5EC567-6EE8-4F63-AD2F-359D4C0F1D5C}"
EndProject
Project("{9A19103F-16F7-4668-BE54-9A1E7A4F7556}") = "Domain.UnitTests", "tests\Domain.UnitTests\Domain.UnitTests.csproj", "{F925B093-C3E8-472F-83D3-80C1462D4BA2}"
EndProject
Project("{9A19103F-16F7-4668-BE54-9A1E7A4F7556}") = "Application.UnitTests", "tests\Application.UnitTests\Application.UnitTests.csproj", "{CDA70576-65CF-4AFF-B029-9E863A90B04C}"
EndProject
Project("{9A19103F-16F7-4668-BE54-9A1E7A4F7556}") = "Application.IntegrationTests", "tests\Application.IntegrationTests\Application.IntegrationTests.csproj", "{E1150194-9300-458F-BEEC-6F3AC035D204}"
EndProject
Project("{2150E333-8FDC-42A3-9474-1A3956D46DE8}") = "web", "web", "{00953170-3DAB-4F20-9D05-492B9492CE4E}"
EndProject
Global
	GlobalSection(SolutionConfigurationPlatforms) = preSolution
		Debug|Any CPU = Debug|Any CPU
		Release|Any CPU = Release|Any CPU
	EndGlobalSection
	GlobalSection(ProjectConfigurationPlatforms) = postSolution
		{2F98A907-1391-4F15-A02F-A930C3B067B6}.Debug|Any CPU.ActiveCfg = Debug|Any CPU
		{2F98A907-1391-4F15-A02F-A930C3B067B6}.Debug|Any CPU.Build.0 = Debug|Any CPU
		{2F98A907-1391-4F15-A02F-A930C3B067B6}.Release|Any CPU.ActiveCfg = Release|Any CPU
		{2F98A907-1391-4F15-A02F-A930C3B067B6}.Release|Any CPU.Build.0 = Release|Any CPU
		{D08BBF41-EF3F-41B4-8CA4-3E352A97792B}.Debug|Any CPU.ActiveCfg = Debug|Any CPU
		{D08BBF41-EF3F-41B4-8CA4-3E352A97792B}.Debug|Any CPU.Build.0 = Debug|Any CPU
		{D08BBF41-EF3F-41B4-8CA4-3E352A97792B}.Release|Any CPU.ActiveCfg = Release|Any CPU
		{D08BBF41-EF3F-41B4-8CA4-3E352A97792B}.Release|Any CPU.Build.0 = Release|Any CPU
		{02A49368-3E9F-4C13-9AE5-9F11ACD3A1CD}.Debug|Any CPU.ActiveCfg = Debug|Any CPU
		{02A49368-3E9F-4C13-9AE5-9F11ACD3A1CD}.Debug|Any CPU.Build.0 = Debug|Any CPU
		{02A49368-3E9F-4C13-9AE5-9F11ACD3A1CD}.Release|Any CPU.ActiveCfg = Release|Any CPU
		{02A49368-3E9F-4C13-9AE5-9F11ACD3A1CD}.Release|Any CPU.Build.0 = Release|Any CPU
		{0B5EC567-6EE8-4F63-AD2F-359D4C0F1D5C}.Debug|Any CPU.ActiveCfg = Debug|Any CPU
		{0B5EC567-6EE8-4F63-AD2F-359D4C0F1D5C}.Debug|Any CPU.Build.0 = Debug|Any CPU
		{0B5EC567-6EE8-4F63-AD2F-359D4C0F1D5C}.Release|Any CPU.ActiveCfg = Release|Any CPU
		{0B5EC567-6EE8-4F63-AD2F-359D4C0F1D5C}.Release|Any CPU.Build.0 = Release|Any CPU
		{F925B093-C3E8-472F-83D3-80C1462D4BA2}.Debug|Any CPU.ActiveCfg = Debug|Any CPU
		{F925B093-C3E8-472F-83D3-80C1462D4BA2}.Debug|Any CPU.Build.0 = Debug|Any CPU
		{F925B093-C3E8-472F-83D3-80C1462D4BA2}.Release|Any CPU.ActiveCfg = Release|Any CPU
		{F925B093-C3E8-472F-83D3-80C1462D4BA2}.Release|Any CPU.Build.0 = Release|Any CPU
		{CDA70576-65CF-4AFF-B029-9E863A90B04C}.Debug|Any CPU.ActiveCfg = Debug|Any CPU
		{CDA70576-65CF-4AFF-B029-9E863A90B04C}.Debug|Any CPU.Build.0 = Debug|Any CPU
		{CDA70576-65CF-4AFF-B029-9E863A90B04C}.Release|Any CPU.ActiveCfg = Release|Any CPU
		{CDA70576-65CF-4AFF-B029-9E863A90B04C}.Release|Any CPU.Build.0 = Release|Any CPU
		{E1150194-9300-458F-BEEC-6F3AC035D204}.Debug|Any CPU.ActiveCfg = Debug|Any CPU
		{E1150194-9300-458F-BEEC-6F3AC035D204}.Debug|Any CPU.Build.0 = Debug|Any CPU
		{E1150194-9300-458F-BEEC-6F3AC035D204}.Release|Any CPU.ActiveCfg = Release|Any CPU
		{E1150194-9300-458F-BEEC-6F3AC035D204}.Release|Any CPU.Build.0 = Release|Any CPU
	EndGlobalSection
	GlobalSection(SolutionProperties) = preSolution
		HideSolutionNode = FALSE
	EndGlobalSection
	GlobalSection(NestedProjects) = preSolution
		{2F98A907-1391-4F15-A02F-A930C3B067B6} = {1E206F17-31C6-4F2C-9FE3-D174688D2A83}
		{D08BBF41-EF3F-41B4-8CA4-3E352A97792B} = {1E206F17-31C6-4F2C-9FE3-D174688D2A83}
		{02A49368-3E9F-4C13-9AE5-9F11ACD3A1CD} = {1E206F17-31C6-4F2C-9FE3-D174688D2A83}
		{0B5EC567-6EE8-4F63-AD2F-359D4C0F1D5C} = {1E206F17-31C6-4F2C-9FE3-D174688D2A83}
		{F925B093-C3E8-472F-83D3-80C1462D4BA2} = {7EEF0CE1-FC9A-42B6-8411-E3788E0BED17}
		{CDA70576-65CF-4AFF-B029-9E863A90B04C} = {7EEF0CE1-FC9A-42B6-8411-E3788E0BED17}
		{E1150194-9300-458F-BEEC-6F3AC035D204} = {7EEF0CE1-FC9A-42B6-8411-E3788E0BED17}
	EndGlobalSection
	GlobalSection(ExtensibilityGlobals) = postSolution
		SolutionGuid = {59AF9BF7-D489-450D-8423-89FF6CD973E0}
	EndGlobalSection
EndGlobal
